
Microsoft Visual Studio Solution File, Format Version 12.00
# Visual Studio Version 16
VisualStudioVersion = 16.0.28803.202
MinimumVisualStudioVersion = 10.0.40219.1
Project("{9A19103F-16F7-4668-BE54-9A1E7A4F7556}") = "DotNet.Safe.Test", "DotNet.Safe.Test\DotNet.Safe.Test.csproj", "{2FE3324C-8EBE-4FD9-807D-4DC174339F77}"
EndProject
Project("{FAE04EC0-301F-11D3-BF4B-00C04F79EFBC}") = "DotNet.Safe", "DotNet.Safe\DotNet.Safe.csproj", "{03899265-6673-44D6-B165-B10F6B7CEAA1}"
EndProject
Global
	GlobalSection(SolutionConfigurationPlatforms) = preSolution
		Debug|Any CPU = Debug|Any CPU
		Release|Any CPU = Release|Any CPU
	EndGlobalSection
	GlobalSection(ProjectConfigurationPlatforms) = postSolution
		{2FE3324C-8EBE-4FD9-807D-4DC174339F77}.Debug|Any CPU.ActiveCfg = Debug|Any CPU
		{2FE3324C-8EBE-4FD9-807D-4DC174339F77}.Debug|Any CPU.Build.0 = Debug|Any CPU
		{2FE3324C-8EBE-4FD9-807D-4DC174339F77}.Release|Any CPU.ActiveCfg = Release|Any CPU
		{2FE3324C-8EBE-4FD9-807D-4DC174339F77}.Release|Any CPU.Build.0 = Release|Any CPU
		{03899265-6673-44D6-B165-B10F6B7CEAA1}.Debug|Any CPU.ActiveCfg = Debug|Any CPU
		{03899265-6673-44D6-B165-B10F6B7CEAA1}.Debug|Any CPU.Build.0 = Debug|Any CPU
		{03899265-6673-44D6-B165-B10F6B7CEAA1}.Release|Any CPU.ActiveCfg = Release|Any CPU
		{03899265-6673-44D6-B165-B10F6B7CEAA1}.Release|Any CPU.Build.0 = Release|Any CPU
	EndGlobalSection
	GlobalSection(SolutionProperties) = preSolution
		HideSolutionNode = FALSE
	EndGlobalSection
	GlobalSection(ExtensibilityGlobals) = postSolution
		SolutionGuid = {54C1062D-90BC-4E66-BF9A-7F571C2B89E9}
	EndGlobalSection
EndGlobal
